
Microsoft Visual Studio Solution File, Format Version 12.00
# Visual Studio Version 17
VisualStudioVersion = 17.0.31903.59
MinimumVisualStudioVersion = 10.0.40219.1
Project("{2150E333-8FDC-42A3-9474-1A3956D46DE8}") = "src", "src", "{827E0CD3-B72D-47B6-A68D-7590B98EB39B}"
EndProject
Project("{F2A71F9B-5D33-465A-A702-920D77279786}") = "UrinalChooser", "src\UrinalChooser\UrinalChooser.fsproj", "{C5A38D16-B019-4CFE-A96A-41DCD3C673D1}"
EndProject
Project("{2150E333-8FDC-42A3-9474-1A3956D46DE8}") = "tests", "tests", "{0AB3BF05-4346-4AA6-1389-037BE0695223}"
EndProject
Project("{F2A71F9B-5D33-465A-A702-920D77279786}") = "UrinalChooser.Tests", "tests\UrinalChooser.Tests\UrinalChooser.Tests.fsproj", "{C70B3262-CC13-40AF-8431-D8594700816C}"
EndProject
Global
	GlobalSection(SolutionConfigurationPlatforms) = preSolution
		Debug|Any CPU = Debug|Any CPU
		Debug|x64 = Debug|x64
		Debug|x86 = Debug|x86
		Release|Any CPU = Release|Any CPU
		Release|x64 = Release|x64
		Release|x86 = Release|x86
	EndGlobalSection
	GlobalSection(ProjectConfigurationPlatforms) = postSolution
		{C5A38D16-B019-4CFE-A96A-41DCD3C673D1}.Debug|Any CPU.ActiveCfg = Debug|Any CPU
		{C5A38D16-B019-4CFE-A96A-41DCD3C673D1}.Debug|Any CPU.Build.0 = Debug|Any CPU
		{C5A38D16-B019-4CFE-A96A-41DCD3C673D1}.Debug|x64.ActiveCfg = Debug|Any CPU
		{C5A38D16-B019-4CFE-A96A-41DCD3C673D1}.Debug|x64.Build.0 = Debug|Any CPU
		{C5A38D16-B019-4CFE-A96A-41DCD3C673D1}.Debug|x86.ActiveCfg = Debug|Any CPU
		{C5A38D16-B019-4CFE-A96A-41DCD3C673D1}.Debug|x86.Build.0 = Debug|Any CPU
		{C5A38D16-B019-4CFE-A96A-41DCD3C673D1}.Release|Any CPU.ActiveCfg = Release|Any CPU
		{C5A38D16-B019-4CFE-A96A-41DCD3C673D1}.Release|Any CPU.Build.0 = Release|Any CPU
		{C5A38D16-B019-4CFE-A96A-41DCD3C673D1}.Release|x64.ActiveCfg = Release|Any CPU
		{C5A38D16-B019-4CFE-A96A-41DCD3C673D1}.Release|x64.Build.0 = Release|Any CPU
		{C5A38D16-B019-4CFE-A96A-41DCD3C673D1}.Release|x86.ActiveCfg = Release|Any CPU
		{C5A38D16-B019-4CFE-A96A-41DCD3C673D1}.Release|x86.Build.0 = Release|Any CPU
		{C70B3262-CC13-40AF-8431-D8594700816C}.Debug|Any CPU.ActiveCfg = Debug|Any CPU
		{C70B3262-CC13-40AF-8431-D8594700816C}.Debug|Any CPU.Build.0 = Debug|Any CPU
		{C70B3262-CC13-40AF-8431-D8594700816C}.Debug|x64.ActiveCfg = Debug|Any CPU
		{C70B3262-CC13-40AF-8431-D8594700816C}.Debug|x64.Build.0 = Debug|Any CPU
		{C70B3262-CC13-40AF-8431-D8594700816C}.Debug|x86.ActiveCfg = Debug|Any CPU
		{C70B3262-CC13-40AF-8431-D8594700816C}.Debug|x86.Build.0 = Debug|Any CPU
		{C70B3262-CC13-40AF-8431-D8594700816C}.Release|Any CPU.ActiveCfg = Release|Any CPU
		{C70B3262-CC13-40AF-8431-D8594700816C}.Release|Any CPU.Build.0 = Release|Any CPU
		{C70B3262-CC13-40AF-8431-D8594700816C}.Release|x64.ActiveCfg = Release|Any CPU
		{C70B3262-CC13-40AF-8431-D8594700816C}.Release|x64.Build.0 = Release|Any CPU
		{C70B3262-CC13-40AF-8431-D8594700816C}.Release|x86.ActiveCfg = Release|Any CPU
		{C70B3262-CC13-40AF-8431-D8594700816C}.Release|x86.Build.0 = Release|Any CPU
	EndGlobalSection
	GlobalSection(SolutionProperties) = preSolution
		HideSolutionNode = FALSE
	EndGlobalSection
	GlobalSection(NestedProjects) = preSolution
		{C5A38D16-B019-4CFE-A96A-41DCD3C673D1} = {827E0CD3-B72D-47B6-A68D-7590B98EB39B}
		{C70B3262-CC13-40AF-8431-D8594700816C} = {0AB3BF05-4346-4AA6-1389-037BE0695223}
	EndGlobalSection
EndGlobal
